
Microsoft Visual Studio Solution File, Format Version 12.00
# Visual Studio Version 16
VisualStudioVersion = 16.0.30517.126
MinimumVisualStudioVersion = 10.0.40219.1
Project("{8BC9CEB8-8B4A-11D0-8D11-00A0C91BC942}") = "WinHttpClientAsync", "WinHttpClientAsync.vcxproj", "{84AAD680-B4F7-405E-B678-96A0FBDFDACF}"
EndProject
Global
	GlobalSection(SolutionConfigurationPlatforms) = preSolution
		Debug|x64 = Debug|x64
		Debug|x86 = Debug|x86
		Release|x64 = Release|x64
		Release|x86 = Release|x86
	EndGlobalSection
	GlobalSection(ProjectConfigurationPlatforms) = postSolution
		{84AAD680-B4F7-405E-B678-96A0FBDFDACF}.Debug|x64.ActiveCfg = Debug|x64
		{84AAD680-B4F7-405E-B678-96A0FBDFDACF}.Debug|x64.Build.0 = Debug|x64
		{84AAD680-B4F7-405E-B678-96A0FBDFDACF}.Debug|x86.ActiveCfg = Debug|Win32
		{84AAD680-B4F7-405E-B678-96A0FBDFDACF}.Debug|x86.Build.0 = Debug|Win32
		{84AAD680-B4F7-405E-B678-96A0FBDFDACF}.Release|x64.ActiveCfg = Release|x64
		{84AAD680-B4F7-405E-B678-96A0FBDFDACF}.Release|x64.Build.0 = Release|x64
		{84AAD680-B4F7-405E-B678-96A0FBDFDACF}.Release|x86.ActiveCfg = Release|Win32
		{84AAD680-B4F7-405E-B678-96A0FBDFDACF}.Release|x86.Build.0 = Release|Win32
	EndGlobalSection
	GlobalSection(SolutionProperties) = preSolution
		HideSolutionNode = FALSE
	EndGlobalSection
	GlobalSection(ExtensibilityGlobals) = postSolution
		SolutionGuid = {68679E6C-3EF6-4628-8BD9-CC583C665DBE}
	EndGlobalSection
EndGlobal
